{
  "version": 4,
  "terraform_version": "1.9.4",
  "serial": 1,
  "lineage": "705d8a2f-21b5-2809-64d8-f5bb9ede2c8f",
  "outputs": {},
  "resources": [
    {
      "mode": "managed",
      "type": "google_container_cluster",
      "name": "primary",
      "provider": "provider[\"registry.terraform.io/hashicorp/google\"]",
      "instances": [
        {
          "schema_version": 2,
          "attributes": {
            "addons_config": [
              {
                "cloudrun_config": [],
                "config_connector_config": [],
                "dns_cache_config": [],
                "gce_persistent_disk_csi_driver_config": [
                  {
                    "enabled": true
                  }
                ],
                "gcp_filestore_csi_driver_config": [],
                "gcs_fuse_csi_driver_config": [],
                "gke_backup_agent_config": [],
                "horizontal_pod_autoscaling": [],
                "http_load_balancing": [],
                "network_policy_config": [
                  {
                    "disabled": true
                  }
                ],
                "ray_operator_config": [],
                "stateful_ha_config": []
              }
            ],
            "allow_net_admin": null,
            "authenticator_groups_config": [],
            "binary_authorization": [
              {
                "enabled": false,
                "evaluation_mode": ""
              }
            ],
            "cluster_autoscaling": [
              {
                "auto_provisioning_defaults": [],
                "auto_provisioning_locations": [],
                "autoscaling_profile": "BALANCED",
                "enabled": false,
                "resource_limits": []
              }
            ],
            "cluster_ipv4_cidr": "10.24.0.0/14",
            "confidential_nodes": [],
            "cost_management_config": [],
            "database_encryption": [
              {
                "key_name": "",
                "state": "DECRYPTED"
              }
            ],
            "datapath_provider": "",
            "default_max_pods_per_node": 110,
            "default_snat_status": [
              {
                "disabled": false
              }
            ],
            "deletion_protection": true,
            "description": "",
            "dns_config": [],
            "enable_autopilot": false,
            "enable_cilium_clusterwide_network_policy": false,
            "enable_intranode_visibility": false,
            "enable_k8s_beta_apis": [],
            "enable_kubernetes_alpha": false,
            "enable_l4_ilb_subsetting": false,
            "enable_legacy_abac": false,
            "enable_multi_networking": false,
            "enable_shielded_nodes": true,
            "enable_tpu": false,
            "endpoint": "104.155.100.251",
            "fleet": [],
            "gateway_api_config": [],
            "id": "projects/blackjack-proiect/locations/europe-west1/clusters/blackjack-cluster",
            "identity_service_config": [],
            "initial_node_count": 1,
            "ip_allocation_policy": [
              {
                "additional_pod_ranges_config": [],
                "cluster_ipv4_cidr_block": "10.24.0.0/14",
                "cluster_secondary_range_name": "gke-blackjack-cluster-pods-7758165e",
                "pod_cidr_overprovision_config": [
                  {
                    "disabled": false
                  }
                ],
                "services_ipv4_cidr_block": "34.118.224.0/20",
                "services_secondary_range_name": "",
                "stack_type": "IPV4"
              }
            ],
            "label_fingerprint": "a9dc16a7",
            "location": "europe-west1",
            "logging_config": [
              {
                "enable_components": [
                  "SYSTEM_COMPONENTS",
                  "WORKLOADS"
                ]
              }
            ],
            "logging_service": "logging.googleapis.com/kubernetes",
            "maintenance_policy": [],
            "master_auth": [
              {
                "client_certificate": "",
                "client_certificate_config": [
                  {
                    "issue_client_certificate": false
                  }
                ],
                "client_key": "",
                "cluster_ca_certificate": "LS0tLS1CRUdJTiBDRVJUSUZJQ0FURS0tLS0tCk1JSUVMVENDQXBXZ0F3SUJBZ0lSQUxQc3hLRjh4UzU2WkRWbFg2VTFUTUF3RFFZSktvWklodmNOQVFFTEJRQXcKTHpFdE1Dc0dBMVVFQXhNa016QXhNRFpsWmpVdE9EYzBNaTAwWVRFd0xUZzRPREV0WXpJeU5USmtNVFV5TjJaawpNQ0FYRFRJME1EZ3hPVEEzTVRJek5sb1lEekl3TlRRd09ERXlNRGd4TWpNMldqQXZNUzB3S3dZRFZRUURFeVF6Ck1ERXdObVZtTlMwNE56UXlMVFJoTVRBdE9EZzRNUzFqTWpJMU1tUXhOVEkzWm1Rd2dnR2lNQTBHQ1NxR1NJYjMKRFFFQkFRVUFBNElCandBd2dnR0tBb0lCZ1FDZEozb01FdzgrbXhRVEE1bjhMQVBDQ2l1S3lYSnhKSzlsb0NQZwpqWmg0TVBpc24rRTdiK1drQi9BenpYbzJ0bXNPMDZQMklCczI2RFNidHovUzFUM0g3eEtCSHFOalJCN2ViYk5vCkQ2ME9xQzZNTDRKNlJFN1ZON0FhTG41bnNrMGttZFRvUjVTVk5kZG9VU1RzczRaMTNvNG04YUY5YlYvdU54YVoKUkxtcWt5TDgzVzgvRU13QUJpczNYd1ZpS1JwQVB2dnZ5eFFTZGlrckpUQldmOTIvc2QzSnZ3bTdMWlU4VitnMQpISW5XTmhZYkpaUnFsZ0ZKZXY0YnNHVGIxdnZLZDdyNkMvNWFVZXErbHYvZTRlbUhWTEJNZTBFYXAzRnFQaEpiCkFvVXJxWnlLdE9FbGdkRjVQeXQza2tGdGhMZUVDdmIraGQrYndFa3UyZWxrZ3lrRVVETy9rZjY0UnFYeWNib2cKOEh0TVBUajVYeG1sUFJJemR2bnNJbmZrSmZ2TUc5d1dkSGFXdkMrdGJKZk1MaGZBb1NMZDVmZWFwK2JnOXhGOQpXQmhYUFFDUHM3VTM5MzBEUS9Oczl6Q0ZBVFNPVGF6dHZtQ2lsbTVOMkNoc0VHM2FCUDhMbnhWQ0p1Q1llOVhPCmlQSHU3bGZiblAwS1FOTkRtY2hOc250b09HVUNBd0VBQWFOQ01FQXdEZ1lEVlIwUEFRSC9CQVFEQWdJRU1BOEcKQTFVZEV3RUIvd1FGTUFNQkFmOHdIUVlEVlIwT0JCWUVGS0dIYjAycWJBeDh1V0phMnVPb1pHckZKU284TUEwRwpDU3FHU0liM0RRRUJDd1VBQTRJQmdRQjhEZ0ZBdktWenR3L29uTEI2NVBTR2xRanFickJmV3JsMFhFK1pmejNuCjdVT0xYWlBnNkxrNm5aYTQ0akZud0JqSk10dTJNWWxqTzQyM0h3U2RMTVUrV2UwdWJ2Zmc3bUpSR1NRa1VIbXcKR0hQR3lIWUJWU1cwMmRyR1hWNy9vZEkvQzVPSmQxdmxGRHZrcFlZOTBTd2QzR2tJdVBUNnkxc2V3Z3A0eGpqYgpNUnlNTVJoeWp4djZkSXRSRUpSWjJPdjUxY1IrY2hzY012MDRtRlYvNUExY0pHYTJESzZPNW4wYzUxN1VJMldFCmU4OGVtcnpvcENYMHY1RTRRRFJsUndqUm5PSDVBS1V4UUE5N3A4Z3MyS21uc2syNGt2RUgybktSR3BnYzU2ZXUKSnpUdTVxd3RQUndkTmRseXpIekFkZ1NrU3Z1M0pwQng1QXpaTVY3ZkFTMkk3elVSS295MkFlMUJHYW9qNTRkdwo4bURrNUdGcVRkZVNQUC9xNzZaR0NOUHgyZ0FLNUxQdGRrM2llVGxFUXBZdjI4L1dKYzh2OExDVGVxNHJvcWVhCnZWNXdhN0dJL25iVWNkM2FZSTVZUjVjVDZHQVIvdXllN3hUVG5JcTVEdU1rZlcyTisxUW5UTHdOMjhLMmszbEwKQ0t1MVZrMXdtWHNKL2VnRjFIa2ttaDg9Ci0tLS0tRU5EIENFUlRJRklDQVRFLS0tLS0K"
              }
            ],
            "master_authorized_networks_config": [],
            "master_version": "1.29.7-gke.1008000",
            "mesh_certificates": [],
            "min_master_version": null,
            "monitoring_config": [
              {
                "advanced_datapath_observability_config": [
                  {
                    "enable_metrics": false,
                    "enable_relay": false,
                    "relay_mode": "DISABLED"
                  }
                ],
                "enable_components": [
                  "SYSTEM_COMPONENTS",
                  "POD",
                  "DAEMONSET",
                  "DEPLOYMENT",
                  "STATEFULSET",
                  "STORAGE",
                  "HPA",
                  "CADVISOR",
                  "KUBELET"
                ],
                "managed_prometheus": [
                  {
                    "enabled": true
                  }
                ]
              }
            ],
            "monitoring_service": "monitoring.googleapis.com/kubernetes",
            "name": "blackjack-cluster",
            "network": "projects/blackjack-proiect/global/networks/default",
            "network_policy": [
              {
                "enabled": false,
                "provider": "PROVIDER_UNSPECIFIED"
              }
            ],
            "networking_mode": "VPC_NATIVE",
            "node_config": [
              {
                "advanced_machine_features": [],
                "boot_disk_kms_key": "",
                "confidential_nodes": [],
                "containerd_config": [],
                "disk_size_gb": 30,
                "disk_type": "pd-balanced",
                "effective_taints": [],
                "enable_confidential_storage": false,
                "ephemeral_storage_local_ssd_config": [],
                "fast_socket": [],
                "gcfs_config": [],
                "guest_accelerator": [],
                "gvnic": [],
                "host_maintenance_policy": [],
                "image_type": "COS_CONTAINERD",
                "kubelet_config": [],
                "labels": {},
                "linux_node_config": [],
                "local_nvme_ssd_block_config": [],
                "local_ssd_count": 0,
                "logging_variant": "DEFAULT",
                "machine_type": "e2-medium",
                "metadata": {
                  "disable-legacy-endpoints": "true"
                },
                "min_cpu_platform": "",
                "node_group": "",
                "oauth_scopes": [
                  "https://www.googleapis.com/auth/devstorage.read_only",
                  "https://www.googleapis.com/auth/logging.write",
                  "https://www.googleapis.com/auth/monitoring",
                  "https://www.googleapis.com/auth/service.management.readonly",
                  "https://www.googleapis.com/auth/servicecontrol",
                  "https://www.googleapis.com/auth/trace.append"
                ],
                "preemptible": true,
                "reservation_affinity": [],
                "resource_labels": null,
                "resource_manager_tags": null,
                "secondary_boot_disks": [],
                "service_account": "default",
                "shielded_instance_config": [
                  {
                    "enable_integrity_monitoring": true,
                    "enable_secure_boot": false
                  }
                ],
                "sole_tenant_config": [],
                "spot": false,
                "tags": null,
                "taint": [],
                "workload_metadata_config": []
              }
            ],
            "node_locations": [
              "europe-west1-b",
              "europe-west1-c",
              "europe-west1-d"
            ],
            "node_pool": [
              {
                "autoscaling": [],
                "initial_node_count": 1,
                "instance_group_urls": [
                  "https://www.googleapis.com/compute/v1/projects/blackjack-proiect/zones/europe-west1-b/instanceGroupManagers/gke-blackjack-cluster-default-pool-4587b028-grp",
                  "https://www.googleapis.com/compute/v1/projects/blackjack-proiect/zones/europe-west1-d/instanceGroupManagers/gke-blackjack-cluster-default-pool-7820b496-grp",
                  "https://www.googleapis.com/compute/v1/projects/blackjack-proiect/zones/europe-west1-c/instanceGroupManagers/gke-blackjack-cluster-default-pool-1f2f0b54-grp"
                ],
                "managed_instance_group_urls": [
                  "https://www.googleapis.com/compute/v1/projects/blackjack-proiect/zones/europe-west1-b/instanceGroups/gke-blackjack-cluster-default-pool-4587b028-grp",
                  "https://www.googleapis.com/compute/v1/projects/blackjack-proiect/zones/europe-west1-d/instanceGroups/gke-blackjack-cluster-default-pool-7820b496-grp",
                  "https://www.googleapis.com/compute/v1/projects/blackjack-proiect/zones/europe-west1-c/instanceGroups/gke-blackjack-cluster-default-pool-1f2f0b54-grp"
                ],
                "management": [
                  {
                    "auto_repair": true,
                    "auto_upgrade": true
                  }
                ],
                "max_pods_per_node": 110,
                "name": "default-pool",
                "name_prefix": "",
                "network_config": [
                  {
                    "additional_node_network_configs": [],
                    "additional_pod_network_configs": [],
                    "create_pod_range": false,
                    "enable_private_nodes": false,
                    "network_performance_config": [],
                    "pod_cidr_overprovision_config": [],
                    "pod_ipv4_cidr_block": "10.24.0.0/14",
                    "pod_range": "gke-blackjack-cluster-pods-7758165e"
                  }
                ],
                "node_config": [
                  {
                    "advanced_machine_features": [],
                    "boot_disk_kms_key": "",
                    "confidential_nodes": [],
                    "containerd_config": [],
                    "disk_size_gb": 30,
                    "disk_type": "pd-balanced",
                    "effective_taints": [],
                    "enable_confidential_storage": false,
                    "ephemeral_storage_local_ssd_config": [],
                    "fast_socket": [],
                    "gcfs_config": [],
                    "guest_accelerator": [],
                    "gvnic": [],
                    "host_maintenance_policy": [],
                    "image_type": "COS_CONTAINERD",
                    "kubelet_config": [],
                    "labels": {},
                    "linux_node_config": [],
                    "local_nvme_ssd_block_config": [],
                    "local_ssd_count": 0,
                    "logging_variant": "DEFAULT",
                    "machine_type": "e2-medium",
                    "metadata": {
                      "disable-legacy-endpoints": "true"
                    },
                    "min_cpu_platform": "",
                    "node_group": "",
                    "oauth_scopes": [
                      "https://www.googleapis.com/auth/devstorage.read_only",
                      "https://www.googleapis.com/auth/logging.write",
                      "https://www.googleapis.com/auth/monitoring",
                      "https://www.googleapis.com/auth/service.management.readonly",
                      "https://www.googleapis.com/auth/servicecontrol",
                      "https://www.googleapis.com/auth/trace.append"
                    ],
                    "preemptible": true,
                    "reservation_affinity": [],
                    "resource_labels": {},
                    "resource_manager_tags": {},
                    "secondary_boot_disks": [],
                    "service_account": "default",
                    "shielded_instance_config": [
                      {
                        "enable_integrity_monitoring": true,
                        "enable_secure_boot": false
                      }
                    ],
                    "sole_tenant_config": [],
                    "spot": false,
                    "tags": [],
                    "taint": [],
                    "workload_metadata_config": []
                  }
                ],
                "node_count": 1,
                "node_locations": [
                  "europe-west1-b",
                  "europe-west1-c",
                  "europe-west1-d"
                ],
                "placement_policy": [],
                "queued_provisioning": [],
                "upgrade_settings": [
                  {
                    "blue_green_settings": [],
                    "max_surge": 1,
                    "max_unavailable": 0,
                    "strategy": "SURGE"
                  }
                ],
                "version": "1.29.7-gke.1008000"
              }
            ],
            "node_pool_auto_config": [],
            "node_pool_defaults": [
              {
                "node_config_defaults": [
                  {
                    "containerd_config": [],
                    "logging_variant": "DEFAULT"
                  }
                ]
              }
            ],
            "node_version": "1.29.7-gke.1008000",
            "notification_config": [
              {
                "pubsub": [
                  {
                    "enabled": false,
                    "filter": [],
                    "topic": ""
                  }
                ]
              }
            ],
            "operation": null,
            "private_cluster_config": [
              {
                "enable_private_endpoint": false,
                "enable_private_nodes": false,
                "master_global_access_config": [
                  {
                    "enabled": false
                  }
                ],
                "master_ipv4_cidr_block": "",
                "peering_name": "",
                "private_endpoint": "10.132.0.5",
                "private_endpoint_subnetwork": "",
                "public_endpoint": "104.155.100.251"
              }
            ],
            "private_ipv6_google_access": "",
            "project": "blackjack-proiect",
            "release_channel": [
              {
                "channel": "REGULAR"
              }
            ],
            "remove_default_node_pool": null,
            "resource_labels": null,
            "resource_usage_export_config": [],
            "security_posture_config": [
              {
                "mode": "BASIC",
                "vulnerability_mode": "VULNERABILITY_MODE_UNSPECIFIED"
              }
            ],
            "self_link": "https://container.googleapis.com/v1/projects/blackjack-proiect/locations/europe-west1/clusters/blackjack-cluster",
            "service_external_ips_config": [
              {
                "enabled": false
              }
            ],
            "services_ipv4_cidr": "34.118.224.0/20",
            "subnetwork": "projects/blackjack-proiect/regions/europe-west1/subnetworks/default",
            "timeouts": null,
            "tpu_ipv4_cidr_block": "",
            "vertical_pod_autoscaling": [],
            "workload_identity_config": []
          },
          "sensitive_attributes": [
            [
              {
                "type": "get_attr",
                "value": "master_auth"
              },
              {
                "type": "index",
                "value": {
                  "value": 0,
                  "type": "number"
                }
              },
              {
                "type": "get_attr",
                "value": "client_key"
              }
            ]
          ],
          "private": "eyJlMmJmYjczMC1lY2FhLTExZTYtOGY4OC0zNDM2M2JjN2M0YzAiOnsiY3JlYXRlIjoyNDAwMDAwMDAwMDAwLCJkZWxldGUiOjI0MDAwMDAwMDAwMDAsInJlYWQiOjI0MDAwMDAwMDAwMDAsInVwZGF0ZSI6MzYwMDAwMDAwMDAwMH0sInNjaGVtYV92ZXJzaW9uIjoiMiJ9"
        }
      ]
    }
  ],
  "check_results": null
}
